
Microsoft Visual Studio Solution File, Format Version 12.00
# Visual Studio Version 16
VisualStudioVersion = 16.0.30621.155
MinimumVisualStudioVersion = 10.0.40219.1
Project("{FAE04EC0-301F-11D3-BF4B-00C04F79EFBC}") = "Proje-4", "Proje-4\Proje-4.csproj", "{06FBB6C8-AFA4-40AB-97EC-FF1DA1284323}"
EndProject
Global
	GlobalSection(SolutionConfigurationPlatforms) = preSolution
		Debug|Any CPU = Debug|Any CPU
		Release|Any CPU = Release|Any CPU
	EndGlobalSection
	GlobalSection(ProjectConfigurationPlatforms) = postSolution
		{06FBB6C8-AFA4-40AB-97EC-FF1DA1284323}.Debug|Any CPU.ActiveCfg = Debug|Any CPU
		{06FBB6C8-AFA4-40AB-97EC-FF1DA1284323}.Debug|Any CPU.Build.0 = Debug|Any CPU
		{06FBB6C8-AFA4-40AB-97EC-FF1DA1284323}.Release|Any CPU.ActiveCfg = Release|Any CPU
		{06FBB6C8-AFA4-40AB-97EC-FF1DA1284323}.Release|Any CPU.Build.0 = Release|Any CPU
	EndGlobalSection
	GlobalSection(SolutionProperties) = preSolution
		HideSolutionNode = FALSE
	EndGlobalSection
	GlobalSection(ExtensibilityGlobals) = postSolution
		SolutionGuid = {F6CC64B0-21B9-4B14-9C26-BE6319C40C9D}
	EndGlobalSection
EndGlobal
